
Microsoft Visual Studio Solution File, Format Version 12.00
# Visual Studio Version 16
VisualStudioVersion = 16.0.29709.97
MinimumVisualStudioVersion = 15.0.26124.0
Project("{9A19103F-16F7-4668-BE54-9A1E7A4F7556}") = "fdn-web-api", "src\fdn-web-api\fdn-web-api.csproj", "{0D5370D8-FAF3-4332-8ADB-59FC3BF1E798}"
EndProject
Project("{2150E333-8FDC-42A3-9474-1A3956D46DE8}") = "src", "src", "{A75CC1AE-0D99-4431-A94D-F55BD0C631BC}"
EndProject
Project("{FAE04EC0-301F-11D3-BF4B-00C04F79EFBC}") = "fdn-core", "src\fdn-core\fdn-core.csproj", "{66D052EA-CB3E-46B9-A4C7-F285C1F689FD}"
EndProject
Project("{FAE04EC0-301F-11D3-BF4B-00C04F79EFBC}") = "fdn-infraestructure", "fdn-infraestructure\fdn-infraestructure.csproj", "{E66C36B5-C9EA-4505-9BA3-E68122E27CF0}"
EndProject
Project("{FAE04EC0-301F-11D3-BF4B-00C04F79EFBC}") = "fdn-utils", "fdn-utils\fdn-utils.csproj", "{B0D1ABBB-72AF-4100-9DED-BA1BC072D8FC}"
EndProject
Global
	GlobalSection(SolutionConfigurationPlatforms) = preSolution
		Debug|Any CPU = Debug|Any CPU
		Debug|x64 = Debug|x64
		Debug|x86 = Debug|x86
		Release|Any CPU = Release|Any CPU
		Release|x64 = Release|x64
		Release|x86 = Release|x86
	EndGlobalSection
	GlobalSection(ProjectConfigurationPlatforms) = postSolution
		{0D5370D8-FAF3-4332-8ADB-59FC3BF1E798}.Debug|Any CPU.ActiveCfg = Debug|Any CPU
		{0D5370D8-FAF3-4332-8ADB-59FC3BF1E798}.Debug|Any CPU.Build.0 = Debug|Any CPU
		{0D5370D8-FAF3-4332-8ADB-59FC3BF1E798}.Debug|x64.ActiveCfg = Debug|Any CPU
		{0D5370D8-FAF3-4332-8ADB-59FC3BF1E798}.Debug|x64.Build.0 = Debug|Any CPU
		{0D5370D8-FAF3-4332-8ADB-59FC3BF1E798}.Debug|x86.ActiveCfg = Debug|Any CPU
		{0D5370D8-FAF3-4332-8ADB-59FC3BF1E798}.Debug|x86.Build.0 = Debug|Any CPU
		{0D5370D8-FAF3-4332-8ADB-59FC3BF1E798}.Release|Any CPU.ActiveCfg = Release|Any CPU
		{0D5370D8-FAF3-4332-8ADB-59FC3BF1E798}.Release|Any CPU.Build.0 = Release|Any CPU
		{0D5370D8-FAF3-4332-8ADB-59FC3BF1E798}.Release|x64.ActiveCfg = Release|Any CPU
		{0D5370D8-FAF3-4332-8ADB-59FC3BF1E798}.Release|x64.Build.0 = Release|Any CPU
		{0D5370D8-FAF3-4332-8ADB-59FC3BF1E798}.Release|x86.ActiveCfg = Release|Any CPU
		{0D5370D8-FAF3-4332-8ADB-59FC3BF1E798}.Release|x86.Build.0 = Release|Any CPU
		{66D052EA-CB3E-46B9-A4C7-F285C1F689FD}.Debug|Any CPU.ActiveCfg = Debug|Any CPU
		{66D052EA-CB3E-46B9-A4C7-F285C1F689FD}.Debug|Any CPU.Build.0 = Debug|Any CPU
		{66D052EA-CB3E-46B9-A4C7-F285C1F689FD}.Debug|x64.ActiveCfg = Debug|Any CPU
		{66D052EA-CB3E-46B9-A4C7-F285C1F689FD}.Debug|x64.Build.0 = Debug|Any CPU
		{66D052EA-CB3E-46B9-A4C7-F285C1F689FD}.Debug|x86.ActiveCfg = Debug|Any CPU
		{66D052EA-CB3E-46B9-A4C7-F285C1F689FD}.Debug|x86.Build.0 = Debug|Any CPU
		{66D052EA-CB3E-46B9-A4C7-F285C1F689FD}.Release|Any CPU.ActiveCfg = Release|Any CPU
		{66D052EA-CB3E-46B9-A4C7-F285C1F689FD}.Release|Any CPU.Build.0 = Release|Any CPU
		{66D052EA-CB3E-46B9-A4C7-F285C1F689FD}.Release|x64.ActiveCfg = Release|Any CPU
		{66D052EA-CB3E-46B9-A4C7-F285C1F689FD}.Release|x64.Build.0 = Release|Any CPU
		{66D052EA-CB3E-46B9-A4C7-F285C1F689FD}.Release|x86.ActiveCfg = Release|Any CPU
		{66D052EA-CB3E-46B9-A4C7-F285C1F689FD}.Release|x86.Build.0 = Release|Any CPU
		{E66C36B5-C9EA-4505-9BA3-E68122E27CF0}.Debug|Any CPU.ActiveCfg = Debug|Any CPU
		{E66C36B5-C9EA-4505-9BA3-E68122E27CF0}.Debug|Any CPU.Build.0 = Debug|Any CPU
		{E66C36B5-C9EA-4505-9BA3-E68122E27CF0}.Debug|x64.ActiveCfg = Debug|Any CPU
		{E66C36B5-C9EA-4505-9BA3-E68122E27CF0}.Debug|x64.Build.0 = Debug|Any CPU
		{E66C36B5-C9EA-4505-9BA3-E68122E27CF0}.Debug|x86.ActiveCfg = Debug|Any CPU
		{E66C36B5-C9EA-4505-9BA3-E68122E27CF0}.Debug|x86.Build.0 = Debug|Any CPU
		{E66C36B5-C9EA-4505-9BA3-E68122E27CF0}.Release|Any CPU.ActiveCfg = Release|Any CPU
		{E66C36B5-C9EA-4505-9BA3-E68122E27CF0}.Release|Any CPU.Build.0 = Release|Any CPU
		{E66C36B5-C9EA-4505-9BA3-E68122E27CF0}.Release|x64.ActiveCfg = Release|Any CPU
		{E66C36B5-C9EA-4505-9BA3-E68122E27CF0}.Release|x64.Build.0 = Release|Any CPU
		{E66C36B5-C9EA-4505-9BA3-E68122E27CF0}.Release|x86.ActiveCfg = Release|Any CPU
		{E66C36B5-C9EA-4505-9BA3-E68122E27CF0}.Release|x86.Build.0 = Release|Any CPU
		{B0D1ABBB-72AF-4100-9DED-BA1BC072D8FC}.Debug|Any CPU.ActiveCfg = Debug|Any CPU
		{B0D1ABBB-72AF-4100-9DED-BA1BC072D8FC}.Debug|Any CPU.Build.0 = Debug|Any CPU
		{B0D1ABBB-72AF-4100-9DED-BA1BC072D8FC}.Debug|x64.ActiveCfg = Debug|Any CPU
		{B0D1ABBB-72AF-4100-9DED-BA1BC072D8FC}.Debug|x64.Build.0 = Debug|Any CPU
		{B0D1ABBB-72AF-4100-9DED-BA1BC072D8FC}.Debug|x86.ActiveCfg = Debug|Any CPU
		{B0D1ABBB-72AF-4100-9DED-BA1BC072D8FC}.Debug|x86.Build.0 = Debug|Any CPU
		{B0D1ABBB-72AF-4100-9DED-BA1BC072D8FC}.Release|Any CPU.ActiveCfg = Release|Any CPU
		{B0D1ABBB-72AF-4100-9DED-BA1BC072D8FC}.Release|Any CPU.Build.0 = Release|Any CPU
		{B0D1ABBB-72AF-4100-9DED-BA1BC072D8FC}.Release|x64.ActiveCfg = Release|Any CPU
		{B0D1ABBB-72AF-4100-9DED-BA1BC072D8FC}.Release|x64.Build.0 = Release|Any CPU
		{B0D1ABBB-72AF-4100-9DED-BA1BC072D8FC}.Release|x86.ActiveCfg = Release|Any CPU
		{B0D1ABBB-72AF-4100-9DED-BA1BC072D8FC}.Release|x86.Build.0 = Release|Any CPU
	EndGlobalSection
	GlobalSection(SolutionProperties) = preSolution
		HideSolutionNode = FALSE
	EndGlobalSection
	GlobalSection(NestedProjects) = preSolution
		{0D5370D8-FAF3-4332-8ADB-59FC3BF1E798} = {A75CC1AE-0D99-4431-A94D-F55BD0C631BC}
		{66D052EA-CB3E-46B9-A4C7-F285C1F689FD} = {A75CC1AE-0D99-4431-A94D-F55BD0C631BC}
		{E66C36B5-C9EA-4505-9BA3-E68122E27CF0} = {A75CC1AE-0D99-4431-A94D-F55BD0C631BC}
		{B0D1ABBB-72AF-4100-9DED-BA1BC072D8FC} = {A75CC1AE-0D99-4431-A94D-F55BD0C631BC}
	EndGlobalSection
	GlobalSection(ExtensibilityGlobals) = postSolution
		SolutionGuid = {B6B3359E-F8E5-4F0F-AB35-46733E61A0E4}
	EndGlobalSection
EndGlobal
